// !$*UTF8*$!
{
	archiveVersion = 1;
	classes = {
	};
	objectVersion = 56;
	objects = {

/* Begin PBXBuildFile section */
		780372622C647050008D8258 /* ResultViewController.swift in Sources */ = {isa = PBXBuildFile; fileRef = 780372612C647050008D8258 /* ResultViewController.swift */; };
		780372742C6488B6008D8258 /* gazo2.jpg in Resources */ = {isa = PBXBuildFile; fileRef = 7803726F2C6488B6008D8258 /* gazo2.jpg */; };
		780372752C6488B6008D8258 /* gazo3.jpg in Resources */ = {isa = PBXBuildFile; fileRef = 780372702C6488B6008D8258 /* gazo3.jpg */; };
		780372762C6488B6008D8258 /* gazo5.jpg in Resources */ = {isa = PBXBuildFile; fileRef = 780372712C6488B6008D8258 /* gazo5.jpg */; };
		780372772C6488B6008D8258 /* gazo1.jpg in Resources */ = {isa = PBXBuildFile; fileRef = 780372722C6488B6008D8258 /* gazo1.jpg */; };
		780372782C6488B6008D8258 /* gazo4.jpg in Resources */ = {isa = PBXBuildFile; fileRef = 780372732C6488B6008D8258 /* gazo4.jpg */; };
		78D9FFCE2C60BE48002FBD41 /* AppDelegate.swift in Sources */ = {isa = PBXBuildFile; fileRef = 78D9FFCD2C60BE48002FBD41 /* AppDelegate.swift */; };
		78D9FFD02C60BE48002FBD41 /* SceneDelegate.swift in Sources */ = {isa = PBXBuildFile; fileRef = 78D9FFCF2C60BE48002FBD41 /* SceneDelegate.swift */; };
		78D9FFD22C60BE48002FBD41 /* ViewController.swift in Sources */ = {isa = PBXBuildFile; fileRef = 78D9FFD12C60BE48002FBD41 /* ViewController.swift */; };
		78D9FFD52C60BE48002FBD41 /* Main.storyboard in Resources */ = {isa = PBXBuildFile; fileRef = 78D9FFD32C60BE48002FBD41 /* Main.storyboard */; };
		78D9FFD72C60BE4A002FBD41 /* Assets.xcassets in Resources */ = {isa = PBXBuildFile; fileRef = 78D9FFD62C60BE4A002FBD41 /* Assets.xcassets */; };
		78D9FFDA2C60BE4A002FBD41 /* LaunchScreen.storyboard in Resources */ = {isa = PBXBuildFile; fileRef = 78D9FFD82C60BE4A002FBD41 /* LaunchScreen.storyboard */; };
/* End PBXBuildFile section */

/* Begin PBXFileReference section */
		780372612C647050008D8258 /* ResultViewController.swift */ = {isa = PBXFileReference; lastKnownFileType = sourcecode.swift; path = ResultViewController.swift; sourceTree = "<group>"; };
		7803726F2C6488B6008D8258 /* gazo2.jpg */ = {isa = PBXFileReference; lastKnownFileType = image.jpeg; path = gazo2.jpg; sourceTree = "<group>"; };
		780372702C6488B6008D8258 /* gazo3.jpg */ = {isa = PBXFileReference; lastKnownFileType = image.jpeg; path = gazo3.jpg; sourceTree = "<group>"; };
		780372712C6488B6008D8258 /* gazo5.jpg */ = {isa = PBXFileReference; lastKnownFileType = image.jpeg; path = gazo5.jpg; sourceTree = "<group>"; };
		780372722C6488B6008D8258 /* gazo1.jpg */ = {isa = PBXFileReference; lastKnownFileType = image.jpeg; path = gazo1.jpg; sourceTree = "<group>"; };
		780372732C6488B6008D8258 /* gazo4.jpg */ = {isa = PBXFileReference; lastKnownFileType = image.jpeg; path = gazo4.jpg; sourceTree = "<group>"; };
		78D9FFCA2C60BE48002FBD41 /* SlideshowApp.app */ = {isa = PBXFileReference; explicitFileType = wrapper.application; includeInIndex = 0; path = SlideshowApp.app; sourceTree = BUILT_PRODUCTS_DIR; };
		78D9FFCD2C60BE48002FBD41 /* AppDelegate.swift */ = {isa = PBXFileReference; lastKnownFileType = sourcecode.swift; path = AppDelegate.swift; sourceTree = "<group>"; };
		78D9FFCF2C60BE48002FBD41 /* SceneDelegate.swift */ = {isa = PBXFileReference; lastKnownFileType = sourcecode.swift; path = SceneDelegate.swift; sourceTree = "<group>"; };
		78D9FFD12C60BE48002FBD41 /* ViewController.swift */ = {isa = PBXFileReference; lastKnownFileType = sourcecode.swift; path = ViewController.swift; sourceTree = "<group>"; };
		78D9FFD42C60BE48002FBD41 /* Base */ = {isa = PBXFileReference; lastKnownFileType = file.storyboard; name = Base; path = Base.lproj/Main.storyboard; sourceTree = "<group>"; };
		78D9FFD62C60BE4A002FBD41 /* Assets.xcassets */ = {isa = PBXFileReference; lastKnownFileType = folder.assetcatalog; path = Assets.xcassets; sourceTree = "<group>"; };
		78D9FFD92C60BE4A002FBD41 /* Base */ = {isa = PBXFileReference; lastKnownFileType = file.storyboard; name = Base; path = Base.lproj/LaunchScreen.storyboard; sourceTree = "<group>"; };
		78D9FFDB2C60BE4A002FBD41 /* Info.plist */ = {isa = PBXFileReference; lastKnownFileType = text.plist.xml; path = Info.plist; sourceTree = "<group>"; };
/* End PBXFileReference section */

/* Begin PBXFrameworksBuildPhase section */
		78D9FFC72C60BE48002FBD41 /* Frameworks */ = {
			isa = PBXFrameworksBuildPhase;
			buildActionMask = 2147483647;
			files = (
			);
			runOnlyForDeploymentPostprocessing = 0;
		};
/* End PBXFrameworksBuildPhase section */

/* Begin PBXGroup section */
		78D9FFC12C60BE48002FBD41 = {
			isa = PBXGroup;
			children = (
				78D9FFCC2C60BE48002FBD41 /* SlideshowApp */,
				78D9FFCB2C60BE48002FBD41 /* Products */,
			);
			sourceTree = "<group>";
		};
		78D9FFCB2C60BE48002FBD41 /* Products */ = {
			isa = PBXGroup;
			children = (
				78D9FFCA2C60BE48002FBD41 /* SlideshowApp.app */,
			);
			name = Products;
			sourceTree = "<group>";
		};
		78D9FFCC2C60BE48002FBD41 /* SlideshowApp */ = {
			isa = PBXGroup;
			children = (
				78D9FFCD2C60BE48002FBD41 /* AppDelegate.swift */,
				78D9FFCF2C60BE48002FBD41 /* SceneDelegate.swift */,
				78D9FFD12C60BE48002FBD41 /* ViewController.swift */,
				780372612C647050008D8258 /* ResultViewController.swift */,
				78D9FFD32C60BE48002FBD41 /* Main.storyboard */,
				78D9FFD62C60BE4A002FBD41 /* Assets.xcassets */,
				78D9FFD82C60BE4A002FBD41 /* LaunchScreen.storyboard */,
				780372722C6488B6008D8258 /* gazo1.jpg */,
				7803726F2C6488B6008D8258 /* gazo2.jpg */,
				780372702C6488B6008D8258 /* gazo3.jpg */,
				780372732C6488B6008D8258 /* gazo4.jpg */,
				780372712C6488B6008D8258 /* gazo5.jpg */,
				78D9FFDB2C60BE4A002FBD41 /* Info.plist */,
			);
			path = SlideshowApp;
			sourceTree = "<group>";
		};
/* End PBXGroup section */

/* Begin PBXNativeTarget section */
		78D9FFC92C60BE48002FBD41 /* SlideshowApp */ = {
			isa = PBXNativeTarget;
			buildConfigurationList = 78D9FFDE2C60BE4A002FBD41 /* Build configuration list for PBXNativeTarget "SlideshowApp" */;
			buildPhases = (
				78D9FFC62C60BE48002FBD41 /* Sources */,
				78D9FFC72C60BE48002FBD41 /* Frameworks */,
				78D9FFC82C60BE48002FBD41 /* Resources */,
			);
			buildRules = (
			);
			dependencies = (
			);
			name = SlideshowApp;
			productName = SlideshowApp;
			productReference = 78D9FFCA2C60BE48002FBD41 /* SlideshowApp.app */;
			productType = "com.apple.product-type.application";
		};
/* End PBXNativeTarget section */

/* Begin PBXProject section */
		78D9FFC22C60BE48002FBD41 /* Project object */ = {
			isa = PBXProject;
			attributes = {
				BuildIndependentTargetsInParallel = 1;
				LastSwiftUpdateCheck = 1510;
				LastUpgradeCheck = 1510;
				TargetAttributes = {
					78D9FFC92C60BE48002FBD41 = {
						CreatedOnToolsVersion = 15.1;
					};
				};
			};
			buildConfigurationList = 78D9FFC52C60BE48002FBD41 /* Build configuration list for PBXProject "SlideshowApp" */;
			compatibilityVersion = "Xcode 14.0";
			developmentRegion = en;
			hasScannedForEncodings = 0;
			knownRegions = (
				en,
				Base,
			);
			mainGroup = 78D9FFC12C60BE48002FBD41;
			productRefGroup = 78D9FFCB2C60BE48002FBD41 /* Products */;
			projectDirPath = "";
			projectRoot = "";
			targets = (
				78D9FFC92C60BE48002FBD41 /* SlideshowApp */,
			);
		};
/* End PBXProject section */

/* Begin PBXResourcesBuildPhase section */
		78D9FFC82C60BE48002FBD41 /* Resources */ = {
			isa = PBXResourcesBuildPhase;
			buildActionMask = 2147483647;
			files = (
				78D9FFDA2C60BE4A002FBD41 /* LaunchScreen.storyboard in Resources */,
				780372772C6488B6008D8258 /* gazo1.jpg in Resources */,
				780372752C6488B6008D8258 /* gazo3.jpg in Resources */,
				78D9FFD72C60BE4A002FBD41 /* Assets.xcassets in Resources */,
				78D9FFD52C60BE48002FBD41 /* Main.storyboard in Resources */,
				780372782C6488B6008D8258 /* gazo4.jpg in Resources */,
				780372762C6488B6008D8258 /* gazo5.jpg in Resources */,
				780372742C6488B6008D8258 /* gazo2.jpg in Resources */,
			);
			runOnlyForDeploymentPostprocessing = 0;
		};
/* End PBXResourcesBuildPhase section */

/* Begin PBXSourcesBuildPhase section */
		78D9FFC62C60BE48002FBD41 /* Sources */ = {
			isa = PBXSourcesBuildPhase;
			buildActionMask = 2147483647;
			files = (
				78D9FFD22C60BE48002FBD41 /* ViewController.swift in Sources */,
				78D9FFCE2C60BE48002FBD41 /* AppDelegate.swift in Sources */,
				78D9FFD02C60BE48002FBD41 /* SceneDelegate.swift in Sources */,
				780372622C647050008D8258 /* ResultViewController.swift in Sources */,
			);
			runOnlyForDeploymentPostprocessing = 0;
		};
/* End PBXSourcesBuildPhase section */

/* Begin PBXVariantGroup section */
		78D9FFD32C60BE48002FBD41 /* Main.storyboard */ = {
			isa = PBXVariantGroup;
			children = (
				78D9FFD42C60BE48002FBD41 /* Base */,
			);
			name = Main.storyboard;
			sourceTree = "<group>";
		};
		78D9FFD82C60BE4A002FBD41 /* LaunchScreen.storyboard */ = {
			isa = PBXVariantGroup;
			children = (
				78D9FFD92C60BE4A002FBD41 /* Base */,
			);
			name = LaunchScreen.storyboard;
			sourceTree = "<group>";
		};
/* End PBXVariantGroup section */

/* Begin XCBuildConfiguration section */
		78D9FFDC2C60BE4A002FBD41 /* Debug */ = {
			isa = XCBuildConfiguration;
			buildSettings = {
				ALWAYS_SEARCH_USER_PATHS = NO;
				ASSETCATALOG_COMPILER_GENERATE_SWIFT_ASSET_SYMBOL_EXTENSIONS = YES;
				CLANG_ANALYZER_NONNULL = YES;
				CLANG_ANALYZER_NUMBER_OBJECT_CONVERSION = YES_AGGRESSIVE;
				CLANG_CXX_LANGUAGE_STANDARD = "gnu++20";
				CLANG_ENABLE_MODULES = YES;
				CLANG_ENABLE_OBJC_ARC = YES;
				CLANG_ENABLE_OBJC_WEAK = YES;
				CLANG_WARN_BLOCK_CAPTURE_AUTORELEASING = YES;
				CLANG_WARN_BOOL_CONVERSION = YES;
				CLANG_WARN_COMMA = YES;
				CLANG_WARN_CONSTANT_CONVERSION = YES;
				CLANG_WARN_DEPRECATED_OBJC_IMPLEMENTATIONS = YES;
				CLANG_WARN_DIRECT_OBJC_ISA_USAGE = YES_ERROR;
				CLANG_WARN_DOCUMENTATION_COMMENTS = YES;
				CLANG_WARN_EMPTY_BODY = YES;
				CLANG_WARN_ENUM_CONVERSION = YES;
				CLANG_WARN_INFINITE_RECURSION = YES;
				CLANG_WARN_INT_CONVERSION = YES;
				CLANG_WARN_NON_LITERAL_NULL_CONVERSION = YES;
				CLANG_WARN_OBJC_IMPLICIT_RETAIN_SELF = YES;
				CLANG_WARN_OBJC_LITERAL_CONVERSION = YES;
				CLANG_WARN_OBJC_ROOT_CLASS = YES_ERROR;
				CLANG_WARN_QUOTED_INCLUDE_IN_FRAMEWORK_HEADER = YES;
				CLANG_WARN_RANGE_LOOP_ANALYSIS = YES;
				CLANG_WARN_STRICT_PROTOTYPES = YES;
				CLANG_WARN_SUSPICIOUS_MOVE = YES;
				CLANG_WARN_UNGUARDED_AVAILABILITY = YES_AGGRESSIVE;
				CLANG_WARN_UNREACHABLE_CODE = YES;
				CLANG_WARN__DUPLICATE_METHOD_MATCH = YES;
				COPY_PHASE_STRIP = NO;
				DEBUG_INFORMATION_FORMAT = dwarf;
				ENABLE_STRICT_OBJC_MSGSEND = YES;
				ENABLE_TESTABILITY = YES;
				ENABLE_USER_SCRIPT_SANDBOXING = YES;
				GCC_C_LANGUAGE_STANDARD = gnu17;
				GCC_DYNAMIC_NO_PIC = NO;
				GCC_NO_COMMON_BLOCKS = YES;
				GCC_OPTIMIZATION_LEVEL = 0;
				GCC_PREPROCESSOR_DEFINITIONS = (
					"DEBUG=1",
					"$(inherited)",
				);
				GCC_WARN_64_TO_32_BIT_CONVERSION = YES;
				GCC_WARN_ABOUT_RETURN_TYPE = YES_ERROR;
				GCC_WARN_UNDECLARED_SELECTOR = YES;
				GCC_WARN_UNINITIALIZED_AUTOS = YES_AGGRESSIVE;
				GCC_WARN_UNUSED_FUNCTION = YES;
				GCC_WARN_UNUSED_VARIABLE = YES;
				IPHONEOS_DEPLOYMENT_TARGET = 17.2;
				LOCALIZATION_PREFERS_STRING_CATALOGS = YES;
				MTL_ENABLE_DEBUG_INFO = INCLUDE_SOURCE;
				MTL_FAST_MATH = YES;
				ONLY_ACTIVE_ARCH = YES;
				SDKROOT = iphoneos;
				SWIFT_ACTIVE_COMPILATION_CONDITIONS = "DEBUG $(inherited)";
				SWIFT_OPTIMIZATION_LEVEL = "-Onone";
			};
			name = Debug;
		};
		78D9FFDD2C60BE4A002FBD41 /* Release */ = {
			isa = XCBuildConfiguration;
			buildSettings = {
				ALWAYS_SEARCH_USER_PATHS = NO;
				ASSETCATALOG_COMPILER_GENERATE_SWIFT_ASSET_SYMBOL_EXTENSIONS = YES;
				CLANG_ANALYZER_NONNULL = YES;
				CLANG_ANALYZER_NUMBER_OBJECT_CONVERSION = YES_AGGRESSIVE;
				CLANG_CXX_LANGUAGE_STANDARD = "gnu++20";
				CLANG_ENABLE_MODULES = YES;
				CLANG_ENABLE_OBJC_ARC = YES;
				CLANG_ENABLE_OBJC_WEAK = YES;
				CLANG_WARN_BLOCK_CAPTURE_AUTORELEASING = YES;
				CLANG_WARN_BOOL_CONVERSION = YES;
				CLANG_WARN_COMMA = YES;
				CLANG_WARN_CONSTANT_CONVERSION = YES;
				CLANG_WARN_DEPRECATED_OBJC_IMPLEMENTATIONS = YES;
				CLANG_WARN_DIRECT_OBJC_ISA_USAGE = YES_ERROR;
				CLANG_WARN_DOCUMENTATION_COMMENTS = YES;
				CLANG_WARN_EMPTY_BODY = YES;
				CLANG_WARN_ENUM_CONVERSION = YES;
				CLANG_WARN_INFINITE_RECURSION = YES;
				CLANG_WARN_INT_CONVERSION = YES;
				CLANG_WARN_NON_LITERAL_NULL_CONVERSION = YES;
				CLANG_WARN_OBJC_IMPLICIT_RETAIN_SELF = YES;
				CLANG_WARN_OBJC_LITERAL_CONVERSION = YES;
				CLANG_WARN_OBJC_ROOT_CLASS = YES_ERROR;
				CLANG_WARN_QUOTED_INCLUDE_IN_FRAMEWORK_HEADER = YES;
				CLANG_WARN_RANGE_LOOP_ANALYSIS = YES;
				CLANG_WARN_STRICT_PROTOTYPES = YES;
				CLANG_WARN_SUSPICIOUS_MOVE = YES;
				CLANG_WARN_UNGUARDED_AVAILABILITY = YES_AGGRESSIVE;
				CLANG_WARN_UNREACHABLE_CODE = YES;
				CLANG_WARN__DUPLICATE_METHOD_MATCH = YES;
				COPY_PHASE_STRIP = NO;
				DEBUG_INFORMATION_FORMAT = "dwarf-with-dsym";
				ENABLE_NS_ASSERTIONS = NO;
				ENABLE_STRICT_OBJC_MSGSEND = YES;
				ENABLE_USER_SCRIPT_SANDBOXING = YES;
				GCC_C_LANGUAGE_STANDARD = gnu17;
				GCC_NO_COMMON_BLOCKS = YES;
				GCC_WARN_64_TO_32_BIT_CONVERSION = YES;
				GCC_WARN_ABOUT_RETURN_TYPE = YES_ERROR;
				GCC_WARN_UNDECLARED_SELECTOR = YES;
				GCC_WARN_UNINITIALIZED_AUTOS = YES_AGGRESSIVE;
				GCC_WARN_UNUSED_FUNCTION = YES;
				GCC_WARN_UNUSED_VARIABLE = YES;
				IPHONEOS_DEPLOYMENT_TARGET = 17.2;
				LOCALIZATION_PREFERS_STRING_CATALOGS = YES;
				MTL_ENABLE_DEBUG_INFO = NO;
				MTL_FAST_MATH = YES;
				SDKROOT = iphoneos;
				SWIFT_COMPILATION_MODE = wholemodule;
				VALIDATE_PRODUCT = YES;
			};
			name = Release;
		};
		78D9FFDF2C60BE4A002FBD41 /* Debug */ = {
			isa = XCBuildConfiguration;
			buildSettings = {
				ASSETCATALOG_COMPILER_APPICON_NAME = AppIcon;
				ASSETCATALOG_COMPILER_GLOBAL_ACCENT_COLOR_NAME = AccentColor;
				CODE_SIGN_STYLE = Automatic;
				CURRENT_PROJECT_VERSION = 1;
				GENERATE_INFOPLIST_FILE = YES;
				INFOPLIST_FILE = SlideshowApp/Info.plist;
				INFOPLIST_KEY_UIApplicationSupportsIndirectInputEvents = YES;
				INFOPLIST_KEY_UILaunchStoryboardName = LaunchScreen;
				INFOPLIST_KEY_UIMainStoryboardFile = Main;
				INFOPLIST_KEY_UISupportedInterfaceOrientations_iPad = "UIInterfaceOrientationPortrait UIInterfaceOrientationPortraitUpsideDown UIInterfaceOrientationLandscapeLeft UIInterfaceOrientationLandscapeRight";
				INFOPLIST_KEY_UISupportedInterfaceOrientations_iPhone = "UIInterfaceOrientationPortrait UIInterfaceOrientationLandscapeLeft UIInterfaceOrientationLandscapeRight";
				LD_RUNPATH_SEARCH_PATHS = (
					"$(inherited)",
					"@executable_path/Frameworks",
				);
				MARKETING_VERSION = 1.0;
				PRODUCT_BUNDLE_IDENTIFIER = "jp.techacademy.kasai-jeyes.SlideshowApp";
				PRODUCT_NAME = "$(TARGET_NAME)";
				SWIFT_EMIT_LOC_STRINGS = YES;
				SWIFT_VERSION = 5.0;
				TARGETED_DEVICE_FAMILY = "1,2";
			};
			name = Debug;
		};
		78D9FFE02C60BE4A002FBD41 /* Release */ = {
			isa = XCBuildConfiguration;
			buildSettings = {
				ASSETCATALOG_COMPILER_APPICON_NAME = AppIcon;
				ASSETCATALOG_COMPILER_GLOBAL_ACCENT_COLOR_NAME = AccentColor;
				CODE_SIGN_STYLE = Automatic;
				CURRENT_PROJECT_VERSION = 1;
				GENERATE_INFOPLIST_FILE = YES;
				INFOPLIST_FILE = SlideshowApp/Info.plist;
				INFOPLIST_KEY_UIApplicationSupportsIndirectInputEvents = YES;
				INFOPLIST_KEY_UILaunchStoryboardName = LaunchScreen;
				INFOPLIST_KEY_UIMainStoryboardFile = Main;
				INFOPLIST_KEY_UISupportedInterfaceOrientations_iPad = "UIInterfaceOrientationPortrait UIInterfaceOrientationPortraitUpsideDown UIInterfaceOrientationLandscapeLeft UIInterfaceOrientationLandscapeRight";
				INFOPLIST_KEY_UISupportedInterfaceOrientations_iPhone = "UIInterfaceOrientationPortrait UIInterfaceOrientationLandscapeLeft UIInterfaceOrientationLandscapeRight";
				LD_RUNPATH_SEARCH_PATHS = (
					"$(inherited)",
					"@executable_path/Frameworks",
				);
				MARKETING_VERSION = 1.0;
				PRODUCT_BUNDLE_IDENTIFIER = "jp.techacademy.kasai-jeyes.SlideshowApp";
				PRODUCT_NAME = "$(TARGET_NAME)";
				SWIFT_EMIT_LOC_STRINGS = YES;
				SWIFT_VERSION = 5.0;
				TARGETED_DEVICE_FAMILY = "1,2";
			};
			name = Release;
		};
/* End XCBuildConfiguration section */

/* Begin XCConfigurationList section */
		78D9FFC52C60BE48002FBD41 /* Build configuration list for PBXProject "SlideshowApp" */ = {
			isa = XCConfigurationList;
			buildConfigurations = (
				78D9FFDC2C60BE4A002FBD41 /* Debug */,
				78D9FFDD2C60BE4A002FBD41 /* Release */,
			);
			defaultConfigurationIsVisible = 0;
			defaultConfigurationName = Release;
		};
		78D9FFDE2C60BE4A002FBD41 /* Build configuration list for PBXNativeTarget "SlideshowApp" */ = {
			isa = XCConfigurationList;
			buildConfigurations = (
				78D9FFDF2C60BE4A002FBD41 /* Debug */,
				78D9FFE02C60BE4A002FBD41 /* Release */,
			);
			defaultConfigurationIsVisible = 0;
			defaultConfigurationName = Release;
		};
/* End XCConfigurationList section */
	};
	rootObject = 78D9FFC22C60BE48002FBD41 /* Project object */;
}
